PODS:
  - Alamofire (5.5.0)
  - Cache (6.0.0)
  - Lantern (1.1.2)
  - MJRefresh (3.7.5)
  - Moya/Combine (15.0.0):
    - Moya/Core
  - Moya/Core (15.0.0):
    - Alamofire (~> 5.0)
  - Nuke (10.7.1)
  - Toast-Swift (5.0.1)

DEPENDENCIES:
  - Cache
  - Lantern
  - MJRefresh
  - Moya/Combine
  - Nuke
  - Toast-Swift

SPEC REPOS:
  trunk:
    - Alamofire
    - Cache
    - Lantern
    - MJRefresh
    - Moya
    - Nuke
    - Toast-Swift

SPEC CHECKSUMS:
  Alamofire: 1c4fb5369c3fe93d2857c780d8bbe09f06f97e7c
  Cache: 4ca7e00363fca5455f26534e5607634c820ffc2d
  Lantern: ed012be9a7c989ff5b94c080129a4734b45304b6
  MJRefresh: fdf5e979eb406a0341468932d1dfc8b7f9fce961
  Moya: 138f0573e53411fb3dc17016add0b748dfbd78ee
  Nuke: 279f17a599fd1c83cf51de5e0e1f2db143a287b0
  Toast-Swift: 9b6a70f28b3bf0b96c40d46c0c4b9d6639846711

PODFILE CHECKSUM: 048db8a0db85e7c0c7f25368d1d14f78161c60ff

COCOAPODS: 1.11.3
